github.com/tencentcloud/tencentcloud-sdk-go/tencentcloud/cdn v1.0.532 h1:SkueaUC6FgIC9ZpOoh6dflr1mCt2gGUApIs+/kGN5OM=
github.com/tencentcloud/tencentcloud-sdk-go/tencentcloud/cdn v1.0.532/go.mod h1:65U9tiIYjtqmvXECSP7Cjjobi+Dc6ZTGVpFTeVUTmMw=
github.com/tencentcloud/tencentcloud-sdk-go/tencentcloud/common v1.0.532 h1:DjnGMxuX49TNNyXp6V18VO+oY9Y5Gs4/+vL0LeZ8YIo=
github.com/tencentcloud/tencentcloud-sdk-go/tencentcloud/common v1.0.532/go.mod h1:7sCQWVkxcsR38nffDW057DRGk8mUjK1Ing/EFOK8s8Y=
github.com/tidwall/gjson v1.14.3 h1:9jvXn7olKEHU1S9vwoMGliaT8jq1vJ7IH/n9zD9Dnlw=
github.com/tidwall/gjson v1.14.3/go.mod h1:/wbyibRr2FHMks5tjHJ5F8dMZh3AcwJEMf5vlfC0lxk=
github.com/tidwall/match v1.1.1 h1:+Ho715JplO36QYgwN9PGYNhgZvoUSc9X2c80KVTi+GA=
github.com/tidwall/match v1.1.1/go.mod h1:eRSPERbgtNPcGhD8UCthc6PmLEQXEWd3PRB5JTxsfmM=
github.com/tidwall/pretty v1.2.0 h1:RWIZEg2iJ8/g6fDDYzMpobmaoGh5OLl4AXtGUGPcqCs=
github.com/tidwall/pretty v1.2.0/go.mod h1:ITEVvHYasfjBbM0u2Pg8T2nJnzm8xPwvNhhsoaGGjNU=
